
Microsoft Visual Studio Solution File, Format Version 12.00
# Visual Studio Version 17
VisualStudioVersion = 17.2.32630.192
MinimumVisualStudioVersion = 10.0.40219.1
Project("{9A19103F-16F7-4668-BE54-9A1E7A4F7556}") = "ArraylistDemo", "ArraylistDemo\ArraylistDemo.csproj", "{92F2C8B8-A786-4F89-9A48-295552396EC8}"
EndProject
Project("{9A19103F-16F7-4668-BE54-9A1E7A4F7556}") = "HalkBank.Collections", "HalkBank.Collections\HalkBank.Collections.csproj", "{DC51C1E4-14B9-4650-8B1F-AAF63978AD9E}"
EndProject
Global
	GlobalSection(SolutionConfigurationPlatforms) = preSolution
		Debug|Any CPU = Debug|Any CPU
		Release|Any CPU = Release|Any CPU
	EndGlobalSection
	GlobalSection(ProjectConfigurationPlatforms) = postSolution
		{92F2C8B8-A786-4F89-9A48-295552396EC8}.Debug|Any CPU.ActiveCfg = Debug|Any CPU
		{92F2C8B8-A786-4F89-9A48-295552396EC8}.Debug|Any CPU.Build.0 = Debug|Any CPU
		{92F2C8B8-A786-4F89-9A48-295552396EC8}.Release|Any CPU.ActiveCfg = Release|Any CPU
		{92F2C8B8-A786-4F89-9A48-295552396EC8}.Release|Any CPU.Build.0 = Release|Any CPU
		{DC51C1E4-14B9-4650-8B1F-AAF63978AD9E}.Debug|Any CPU.ActiveCfg = Debug|Any CPU
		{DC51C1E4-14B9-4650-8B1F-AAF63978AD9E}.Debug|Any CPU.Build.0 = Debug|Any CPU
		{DC51C1E4-14B9-4650-8B1F-AAF63978AD9E}.Release|Any CPU.ActiveCfg = Release|Any CPU
		{DC51C1E4-14B9-4650-8B1F-AAF63978AD9E}.Release|Any CPU.Build.0 = Release|Any CPU
	EndGlobalSection
	GlobalSection(SolutionProperties) = preSolution
		HideSolutionNode = FALSE
	EndGlobalSection
	GlobalSection(ExtensibilityGlobals) = postSolution
		SolutionGuid = {8EE98614-EC04-4E8B-9707-EFDB3DDB5476}
	EndGlobalSection
EndGlobal
